
Microsoft Visual Studio Solution File, Format Version 12.00
# Visual Studio Version 17
VisualStudioVersion = 17.7.34024.191
MinimumVisualStudioVersion = 10.0.40219.1
Project("{8BC9CEB8-8B4A-11D0-8D11-00A0C91BC942}") = "Allocation dynamique et destructeur", "Allocation dynamique et destructeur.vcxproj", "{DA786F9A-74B4-45A1-8F55-5866294F8188}"
EndProject
Global
	GlobalSection(SolutionConfigurationPlatforms) = preSolution
		Debug|x64 = Debug|x64
		Debug|x86 = Debug|x86
		Release|x64 = Release|x64
		Release|x86 = Release|x86
	EndGlobalSection
	GlobalSection(ProjectConfigurationPlatforms) = postSolution
		{DA786F9A-74B4-45A1-8F55-5866294F8188}.Debug|x64.ActiveCfg = Debug|x64
		{DA786F9A-74B4-45A1-8F55-5866294F8188}.Debug|x64.Build.0 = Debug|x64
		{DA786F9A-74B4-45A1-8F55-5866294F8188}.Debug|x86.ActiveCfg = Debug|Win32
		{DA786F9A-74B4-45A1-8F55-5866294F8188}.Debug|x86.Build.0 = Debug|Win32
		{DA786F9A-74B4-45A1-8F55-5866294F8188}.Release|x64.ActiveCfg = Release|x64
		{DA786F9A-74B4-45A1-8F55-5866294F8188}.Release|x64.Build.0 = Release|x64
		{DA786F9A-74B4-45A1-8F55-5866294F8188}.Release|x86.ActiveCfg = Release|Win32
		{DA786F9A-74B4-45A1-8F55-5866294F8188}.Release|x86.Build.0 = Release|Win32
	EndGlobalSection
	GlobalSection(SolutionProperties) = preSolution
		HideSolutionNode = FALSE
	EndGlobalSection
	GlobalSection(ExtensibilityGlobals) = postSolution
		SolutionGuid = {3FCE8B1E-D961-4417-986B-102BD33EDBA1}
	EndGlobalSection
EndGlobal
